// !$*UTF8*$!
{
	archiveVersion = 1;
	classes = {
	};
	objectVersion = 50;
	objects = {

/* Begin PBXBuildFile section */
		62033408237ABBE2009CFFEB /* main.cpp in Sources */ = {isa = PBXBuildFile; fileRef = 62033407237ABBE2009CFFEB /* main.cpp */; };
		62316BF623A8BE1B0058853C /* lexer.cpp in Sources */ = {isa = PBXBuildFile; fileRef = 62316BF423A8BE1B0058853C /* lexer.cpp */; };
		62316BF923A8BFD60058853C /* token.cpp in Sources */ = {isa = PBXBuildFile; fileRef = 62316BF723A8BFD60058853C /* token.cpp */; };
		62316BFC23A8C0F30058853C /* common.cpp in Sources */ = {isa = PBXBuildFile; fileRef = 62316BFA23A8C0F30058853C /* common.cpp */; };
		62316BFF23A8C49D0058853C /* token_reader.cpp in Sources */ = {isa = PBXBuildFile; fileRef = 62316BFD23A8C49D0058853C /* token_reader.cpp */; };
		62316C0223A8C6FC0058853C /* ast_node.cpp in Sources */ = {isa = PBXBuildFile; fileRef = 62316C0023A8C6FC0058853C /* ast_node.cpp */; };
		62316C0523A8C8210058853C /* parser.cpp in Sources */ = {isa = PBXBuildFile; fileRef = 62316C0323A8C8210058853C /* parser.cpp */; };
/* End PBXBuildFile section */

/* Begin PBXCopyFilesBuildPhase section */
		62033402237ABBE2009CFFEB /* CopyFiles */ = {
			isa = PBXCopyFilesBuildPhase;
			buildActionMask = 2147483647;
			dstPath = /usr/share/man/man1/;
			dstSubfolderSpec = 0;
			files = (
			);
			runOnlyForDeploymentPostprocessing = 1;
		};
/* End PBXCopyFilesBuildPhase section */

/* Begin PBXFileReference section */
		62033404237ABBE2009CFFEB /* Indicator */ = {isa = PBXFileReference; explicitFileType = "compiled.mach-o.executable"; includeInIndex = 0; path = Indicator; sourceTree = BUILT_PRODUCTS_DIR; };
		62033407237ABBE2009CFFEB /* main.cpp */ = {isa = PBXFileReference; lastKnownFileType = sourcecode.cpp.cpp; path = main.cpp; sourceTree = "<group>"; };
		62316BF423A8BE1B0058853C /* lexer.cpp */ = {isa = PBXFileReference; lastKnownFileType = sourcecode.cpp.cpp; path = lexer.cpp; sourceTree = "<group>"; };
		62316BF523A8BE1B0058853C /* lexer.hpp */ = {isa = PBXFileReference; lastKnownFileType = sourcecode.cpp.h; path = lexer.hpp; sourceTree = "<group>"; };
		62316BF723A8BFD60058853C /* token.cpp */ = {isa = PBXFileReference; lastKnownFileType = sourcecode.cpp.cpp; path = token.cpp; sourceTree = "<group>"; };
		62316BF823A8BFD60058853C /* token.hpp */ = {isa = PBXFileReference; lastKnownFileType = sourcecode.cpp.h; path = token.hpp; sourceTree = "<group>"; };
		62316BFA23A8C0F30058853C /* common.cpp */ = {isa = PBXFileReference; lastKnownFileType = sourcecode.cpp.cpp; path = common.cpp; sourceTree = "<group>"; };
		62316BFB23A8C0F30058853C /* common.hpp */ = {isa = PBXFileReference; lastKnownFileType = sourcecode.cpp.h; path = common.hpp; sourceTree = "<group>"; };
		62316BFD23A8C49D0058853C /* token_reader.cpp */ = {isa = PBXFileReference; lastKnownFileType = sourcecode.cpp.cpp; path = token_reader.cpp; sourceTree = "<group>"; };
		62316BFE23A8C49D0058853C /* token_reader.hpp */ = {isa = PBXFileReference; lastKnownFileType = sourcecode.cpp.h; path = token_reader.hpp; sourceTree = "<group>"; };
		62316C0023A8C6FC0058853C /* ast_node.cpp */ = {isa = PBXFileReference; lastKnownFileType = sourcecode.cpp.cpp; path = ast_node.cpp; sourceTree = "<group>"; };
		62316C0123A8C6FC0058853C /* ast_node.hpp */ = {isa = PBXFileReference; lastKnownFileType = sourcecode.cpp.h; path = ast_node.hpp; sourceTree = "<group>"; };
		62316C0323A8C8210058853C /* parser.cpp */ = {isa = PBXFileReference; lastKnownFileType = sourcecode.cpp.cpp; path = parser.cpp; sourceTree = "<group>"; };
		62316C0423A8C8210058853C /* parser.hpp */ = {isa = PBXFileReference; lastKnownFileType = sourcecode.cpp.h; path = parser.hpp; sourceTree = "<group>"; };
/* End PBXFileReference section */

/* Begin PBXFrameworksBuildPhase section */
		62033401237ABBE2009CFFEB /* Frameworks */ = {
			isa = PBXFrameworksBuildPhase;
			buildActionMask = 2147483647;
			files = (
			);
			runOnlyForDeploymentPostprocessing = 0;
		};
/* End PBXFrameworksBuildPhase section */

/* Begin PBXGroup section */
		620333FB237ABBE2009CFFEB = {
			isa = PBXGroup;
			children = (
				62033406237ABBE2009CFFEB /* Indicator */,
				62033405237ABBE2009CFFEB /* Products */,
			);
			sourceTree = "<group>";
		};
		62033405237ABBE2009CFFEB /* Products */ = {
			isa = PBXGroup;
			children = (
				62033404237ABBE2009CFFEB /* Indicator */,
			);
			name = Products;
			sourceTree = "<group>";
		};
		62033406237ABBE2009CFFEB /* Indicator */ = {
			isa = PBXGroup;
			children = (
				62033407237ABBE2009CFFEB /* main.cpp */,
				62316BFB23A8C0F30058853C /* common.hpp */,
				62316BFA23A8C0F30058853C /* common.cpp */,
				62316BF823A8BFD60058853C /* token.hpp */,
				62316BF723A8BFD60058853C /* token.cpp */,
				62316BFE23A8C49D0058853C /* token_reader.hpp */,
				62316BFD23A8C49D0058853C /* token_reader.cpp */,
				62316C0123A8C6FC0058853C /* ast_node.hpp */,
				62316C0023A8C6FC0058853C /* ast_node.cpp */,
				62316BF523A8BE1B0058853C /* lexer.hpp */,
				62316BF423A8BE1B0058853C /* lexer.cpp */,
				62316C0423A8C8210058853C /* parser.hpp */,
				62316C0323A8C8210058853C /* parser.cpp */,
			);
			path = Indicator;
			sourceTree = "<group>";
		};
/* End PBXGroup section */

/* Begin PBXNativeTarget section */
		62033403237ABBE2009CFFEB /* Indicator */ = {
			isa = PBXNativeTarget;
			buildConfigurationList = 6203340B237ABBE2009CFFEB /* Build configuration list for PBXNativeTarget "Indicator" */;
			buildPhases = (
				62033400237ABBE2009CFFEB /* Sources */,
				62033401237ABBE2009CFFEB /* Frameworks */,
				62033402237ABBE2009CFFEB /* CopyFiles */,
			);
			buildRules = (
			);
			dependencies = (
			);
			name = Indicator;
			productName = Indicator;
			productReference = 62033404237ABBE2009CFFEB /* Indicator */;
			productType = "com.apple.product-type.tool";
		};
/* End PBXNativeTarget section */

/* Begin PBXProject section */
		620333FC237ABBE2009CFFEB /* Project object */ = {
			isa = PBXProject;
			attributes = {
				LastUpgradeCheck = 1100;
				ORGANIZATIONNAME = "许龙";
				TargetAttributes = {
					62033403237ABBE2009CFFEB = {
						CreatedOnToolsVersion = 11.0;
					};
				};
			};
			buildConfigurationList = 620333FF237ABBE2009CFFEB /* Build configuration list for PBXProject "Indicator" */;
			compatibilityVersion = "Xcode 9.3";
			developmentRegion = en;
			hasScannedForEncodings = 0;
			knownRegions = (
				en,
				Base,
			);
			mainGroup = 620333FB237ABBE2009CFFEB;
			productRefGroup = 62033405237ABBE2009CFFEB /* Products */;
			projectDirPath = "";
			projectRoot = "";
			targets = (
				62033403237ABBE2009CFFEB /* Indicator */,
			);
		};
/* End PBXProject section */

/* Begin PBXSourcesBuildPhase section */
		62033400237ABBE2009CFFEB /* Sources */ = {
			isa = PBXSourcesBuildPhase;
			buildActionMask = 2147483647;
			files = (
				62316C0523A8C8210058853C /* parser.cpp in Sources */,
				62316C0223A8C6FC0058853C /* ast_node.cpp in Sources */,
				62316BFC23A8C0F30058853C /* common.cpp in Sources */,
				62033408237ABBE2009CFFEB /* main.cpp in Sources */,
				62316BF623A8BE1B0058853C /* lexer.cpp in Sources */,
				62316BF923A8BFD60058853C /* token.cpp in Sources */,
				62316BFF23A8C49D0058853C /* token_reader.cpp in Sources */,
			);
			runOnlyForDeploymentPostprocessing = 0;
		};
/* End PBXSourcesBuildPhase section */

/* Begin XCBuildConfiguration section */
		62033409237ABBE2009CFFEB /* Debug */ = {
			isa = XCBuildConfiguration;
			buildSettings = {
				ALWAYS_SEARCH_USER_PATHS = NO;
				CLANG_ANALYZER_NONNULL = YES;
				CLANG_ANALYZER_NUMBER_OBJECT_CONVERSION = YES_AGGRESSIVE;
				CLANG_CXX_LANGUAGE_STANDARD = "gnu++14";
				CLANG_CXX_LIBRARY = "libc++";
				CLANG_ENABLE_MODULES = YES;
				CLANG_ENABLE_OBJC_ARC = YES;
				CLANG_ENABLE_OBJC_WEAK = YES;
				CLANG_WARN_BLOCK_CAPTURE_AUTORELEASING = YES;
				CLANG_WARN_BOOL_CONVERSION = YES;
				CLANG_WARN_COMMA = YES;
				CLANG_WARN_CONSTANT_CONVERSION = YES;
				CLANG_WARN_DEPRECATED_OBJC_IMPLEMENTATIONS = YES;
				CLANG_WARN_DIRECT_OBJC_ISA_USAGE = YES_ERROR;
				CLANG_WARN_DOCUMENTATION_COMMENTS = YES;
				CLANG_WARN_EMPTY_BODY = YES;
				CLANG_WARN_ENUM_CONVERSION = YES;
				CLANG_WARN_INFINITE_RECURSION = YES;
				CLANG_WARN_INT_CONVERSION = YES;
				CLANG_WARN_NON_LITERAL_NULL_CONVERSION = YES;
				CLANG_WARN_OBJC_IMPLICIT_RETAIN_SELF = YES;
				CLANG_WARN_OBJC_LITERAL_CONVERSION = YES;
				CLANG_WARN_OBJC_ROOT_CLASS = YES_ERROR;
				CLANG_WARN_RANGE_LOOP_ANALYSIS = YES;
				CLANG_WARN_STRICT_PROTOTYPES = YES;
				CLANG_WARN_SUSPICIOUS_MOVE = YES;
				CLANG_WARN_UNGUARDED_AVAILABILITY = YES_AGGRESSIVE;
				CLANG_WARN_UNREACHABLE_CODE = YES;
				CLANG_WARN__DUPLICATE_METHOD_MATCH = YES;
				COPY_PHASE_STRIP = NO;
				DEBUG_INFORMATION_FORMAT = dwarf;
				ENABLE_STRICT_OBJC_MSGSEND = YES;
				ENABLE_TESTABILITY = YES;
				GCC_C_LANGUAGE_STANDARD = gnu11;
				GCC_DYNAMIC_NO_PIC = NO;
				GCC_NO_COMMON_BLOCKS = YES;
				GCC_OPTIMIZATION_LEVEL = 0;
				GCC_PREPROCESSOR_DEFINITIONS = (
					"DEBUG=1",
					"$(inherited)",
				);
				GCC_WARN_64_TO_32_BIT_CONVERSION = YES;
				GCC_WARN_ABOUT_RETURN_TYPE = YES_ERROR;
				GCC_WARN_UNDECLARED_SELECTOR = YES;
				GCC_WARN_UNINITIALIZED_AUTOS = YES_AGGRESSIVE;
				GCC_WARN_UNUSED_FUNCTION = YES;
				GCC_WARN_UNUSED_VARIABLE = YES;
				MACOSX_DEPLOYMENT_TARGET = 10.14;
				MTL_ENABLE_DEBUG_INFO = INCLUDE_SOURCE;
				MTL_FAST_MATH = YES;
				ONLY_ACTIVE_ARCH = YES;
				SDKROOT = macosx;
			};
			name = Debug;
		};
		6203340A237ABBE2009CFFEB /* Release */ = {
			isa = XCBuildConfiguration;
			buildSettings = {
				ALWAYS_SEARCH_USER_PATHS = NO;
				CLANG_ANALYZER_NONNULL = YES;
				CLANG_ANALYZER_NUMBER_OBJECT_CONVERSION = YES_AGGRESSIVE;
				CLANG_CXX_LANGUAGE_STANDARD = "gnu++14";
				CLANG_CXX_LIBRARY = "libc++";
				CLANG_ENABLE_MODULES = YES;
				CLANG_ENABLE_OBJC_ARC = YES;
				CLANG_ENABLE_OBJC_WEAK = YES;
				CLANG_WARN_BLOCK_CAPTURE_AUTORELEASING = YES;
				CLANG_WARN_BOOL_CONVERSION = YES;
				CLANG_WARN_COMMA = YES;
				CLANG_WARN_CONSTANT_CONVERSION = YES;
				CLANG_WARN_DEPRECATED_OBJC_IMPLEMENTATIONS = YES;
				CLANG_WARN_DIRECT_OBJC_ISA_USAGE = YES_ERROR;
				CLANG_WARN_DOCUMENTATION_COMMENTS = YES;
				CLANG_WARN_EMPTY_BODY = YES;
				CLANG_WARN_ENUM_CONVERSION = YES;
				CLANG_WARN_INFINITE_RECURSION = YES;
				CLANG_WARN_INT_CONVERSION = YES;
				CLANG_WARN_NON_LITERAL_NULL_CONVERSION = YES;
				CLANG_WARN_OBJC_IMPLICIT_RETAIN_SELF = YES;
				CLANG_WARN_OBJC_LITERAL_CONVERSION = YES;
				CLANG_WARN_OBJC_ROOT_CLASS = YES_ERROR;
				CLANG_WARN_RANGE_LOOP_ANALYSIS = YES;
				CLANG_WARN_STRICT_PROTOTYPES = YES;
				CLANG_WARN_SUSPICIOUS_MOVE = YES;
				CLANG_WARN_UNGUARDED_AVAILABILITY = YES_AGGRESSIVE;
				CLANG_WARN_UNREACHABLE_CODE = YES;
				CLANG_WARN__DUPLICATE_METHOD_MATCH = YES;
				COPY_PHASE_STRIP = NO;
				DEBUG_INFORMATION_FORMAT = "dwarf-with-dsym";
				ENABLE_NS_ASSERTIONS = NO;
				ENABLE_STRICT_OBJC_MSGSEND = YES;
				GCC_C_LANGUAGE_STANDARD = gnu11;
				GCC_NO_COMMON_BLOCKS = YES;
				GCC_WARN_64_TO_32_BIT_CONVERSION = YES;
				GCC_WARN_ABOUT_RETURN_TYPE = YES_ERROR;
				GCC_WARN_UNDECLARED_SELECTOR = YES;
				GCC_WARN_UNINITIALIZED_AUTOS = YES_AGGRESSIVE;
				GCC_WARN_UNUSED_FUNCTION = YES;
				GCC_WARN_UNUSED_VARIABLE = YES;
				MACOSX_DEPLOYMENT_TARGET = 10.14;
				MTL_ENABLE_DEBUG_INFO = NO;
				MTL_FAST_MATH = YES;
				SDKROOT = macosx;
			};
			name = Release;
		};
		6203340C237ABBE2009CFFEB /* Debug */ = {
			isa = XCBuildConfiguration;
			buildSettings = {
				CODE_SIGN_STYLE = Automatic;
				PRODUCT_NAME = "$(TARGET_NAME)";
			};
			name = Debug;
		};
		6203340D237ABBE2009CFFEB /* Release */ = {
			isa = XCBuildConfiguration;
			buildSettings = {
				CODE_SIGN_STYLE = Automatic;
				PRODUCT_NAME = "$(TARGET_NAME)";
			};
			name = Release;
		};
/* End XCBuildConfiguration section */

/* Begin XCConfigurationList section */
		620333FF237ABBE2009CFFEB /* Build configuration list for PBXProject "Indicator" */ = {
			isa = XCConfigurationList;
			buildConfigurations = (
				62033409237ABBE2009CFFEB /* Debug */,
				6203340A237ABBE2009CFFEB /* Release */,
			);
			defaultConfigurationIsVisible = 0;
			defaultConfigurationName = Release;
		};
		6203340B237ABBE2009CFFEB /* Build configuration list for PBXNativeTarget "Indicator" */ = {
			isa = XCConfigurationList;
			buildConfigurations = (
				6203340C237ABBE2009CFFEB /* Debug */,
				6203340D237ABBE2009CFFEB /* Release */,
			);
			defaultConfigurationIsVisible = 0;
			defaultConfigurationName = Release;
		};
/* End XCConfigurationList section */
	};
	rootObject = 620333FC237ABBE2009CFFEB /* Project object */;
}
