// !$*UTF8*$!
{
	archiveVersion = 1;
	classes = {
	};
	objectVersion = 50;
	objects = {

/* Begin PBXBuildFile section */
		62033408237ABBE2009CFFEB /* main.cpp in Sources */ = {isa = PBXBuildFile; fileRef = 62033407237ABBE2009CFFEB /* main.cpp */; };
		62FD97AA23D57808001E751B /* lib_math.cpp in Sources */ = {isa = PBXBuildFile; fileRef = 62FD979223D57808001E751B /* lib_math.cpp */; };
		62FD97AB23D57808001E751B /* lib_draw.cpp in Sources */ = {isa = PBXBuildFile; fileRef = 62FD979323D57808001E751B /* lib_draw.cpp */; };
		62FD97AC23D57808001E751B /* common.cpp in Sources */ = {isa = PBXBuildFile; fileRef = 62FD979623D57808001E751B /* common.cpp */; };
		62FD97AD23D57808001E751B /* compiler.cpp in Sources */ = {isa = PBXBuildFile; fileRef = 62FD979823D57808001E751B /* compiler.cpp */; };
		62FD97AE23D57808001E751B /* ast_node.cpp in Sources */ = {isa = PBXBuildFile; fileRef = 62FD979B23D57808001E751B /* ast_node.cpp */; };
		62FD97AF23D57808001E751B /* lexer.cpp in Sources */ = {isa = PBXBuildFile; fileRef = 62FD979C23D57808001E751B /* lexer.cpp */; };
		62FD97B023D57808001E751B /* token_reader.cpp in Sources */ = {isa = PBXBuildFile; fileRef = 62FD979D23D57808001E751B /* token_reader.cpp */; };
		62FD97B123D57808001E751B /* evaluator.cpp in Sources */ = {isa = PBXBuildFile; fileRef = 62FD979F23D57808001E751B /* evaluator.cpp */; };
		62FD97B223D57808001E751B /* parse_walker.cpp in Sources */ = {isa = PBXBuildFile; fileRef = 62FD97A023D57808001E751B /* parse_walker.cpp */; };
		62FD97B323D57808001E751B /* result.cpp in Sources */ = {isa = PBXBuildFile; fileRef = 62FD97A423D57808001E751B /* result.cpp */; };
		62FD97B423D57808001E751B /* parser.cpp in Sources */ = {isa = PBXBuildFile; fileRef = 62FD97A723D57808001E751B /* parser.cpp */; };
		62FD97B523D57808001E751B /* token.cpp in Sources */ = {isa = PBXBuildFile; fileRef = 62FD97A923D57808001E751B /* token.cpp */; };
/* End PBXBuildFile section */

/* Begin PBXCopyFilesBuildPhase section */
		62033402237ABBE2009CFFEB /* CopyFiles */ = {
			isa = PBXCopyFilesBuildPhase;
			buildActionMask = 2147483647;
			dstPath = /usr/share/man/man1/;
			dstSubfolderSpec = 0;
			files = (
			);
			runOnlyForDeploymentPostprocessing = 1;
		};
/* End PBXCopyFilesBuildPhase section */

/* Begin PBXFileReference section */
		62033404237ABBE2009CFFEB /* Indicator */ = {isa = PBXFileReference; explicitFileType = "compiled.mach-o.executable"; includeInIndex = 0; path = Indicator; sourceTree = BUILT_PRODUCTS_DIR; };
		62033407237ABBE2009CFFEB /* main.cpp */ = {isa = PBXFileReference; lastKnownFileType = sourcecode.cpp.cpp; path = main.cpp; sourceTree = "<group>"; };
		62FD979123D57808001E751B /* lib_draw.hpp */ = {isa = PBXFileReference; fileEncoding = 4; lastKnownFileType = sourcecode.cpp.h; path = lib_draw.hpp; sourceTree = "<group>"; };
		62FD979223D57808001E751B /* lib_math.cpp */ = {isa = PBXFileReference; fileEncoding = 4; lastKnownFileType = sourcecode.cpp.cpp; path = lib_math.cpp; sourceTree = "<group>"; };
		62FD979323D57808001E751B /* lib_draw.cpp */ = {isa = PBXFileReference; fileEncoding = 4; lastKnownFileType = sourcecode.cpp.cpp; path = lib_draw.cpp; sourceTree = "<group>"; };
		62FD979423D57808001E751B /* lib_math.hpp */ = {isa = PBXFileReference; fileEncoding = 4; lastKnownFileType = sourcecode.cpp.h; path = lib_math.hpp; sourceTree = "<group>"; };
		62FD979623D57808001E751B /* common.cpp */ = {isa = PBXFileReference; fileEncoding = 4; lastKnownFileType = sourcecode.cpp.cpp; path = common.cpp; sourceTree = "<group>"; };
		62FD979723D57808001E751B /* parser.hpp */ = {isa = PBXFileReference; fileEncoding = 4; lastKnownFileType = sourcecode.cpp.h; path = parser.hpp; sourceTree = "<group>"; };
		62FD979823D57808001E751B /* compiler.cpp */ = {isa = PBXFileReference; fileEncoding = 4; lastKnownFileType = sourcecode.cpp.cpp; path = compiler.cpp; sourceTree = "<group>"; };
		62FD979923D57808001E751B /* token.hpp */ = {isa = PBXFileReference; fileEncoding = 4; lastKnownFileType = sourcecode.cpp.h; path = token.hpp; sourceTree = "<group>"; };
		62FD979A23D57808001E751B /* parse_walker.hpp */ = {isa = PBXFileReference; fileEncoding = 4; lastKnownFileType = sourcecode.cpp.h; path = parse_walker.hpp; sourceTree = "<group>"; };
		62FD979B23D57808001E751B /* ast_node.cpp */ = {isa = PBXFileReference; fileEncoding = 4; lastKnownFileType = sourcecode.cpp.cpp; path = ast_node.cpp; sourceTree = "<group>"; };
		62FD979C23D57808001E751B /* lexer.cpp */ = {isa = PBXFileReference; fileEncoding = 4; lastKnownFileType = sourcecode.cpp.cpp; path = lexer.cpp; sourceTree = "<group>"; };
		62FD979D23D57808001E751B /* token_reader.cpp */ = {isa = PBXFileReference; fileEncoding = 4; lastKnownFileType = sourcecode.cpp.cpp; path = token_reader.cpp; sourceTree = "<group>"; };
		62FD979E23D57808001E751B /* result.hpp */ = {isa = PBXFileReference; fileEncoding = 4; lastKnownFileType = sourcecode.cpp.h; path = result.hpp; sourceTree = "<group>"; };
		62FD979F23D57808001E751B /* evaluator.cpp */ = {isa = PBXFileReference; fileEncoding = 4; lastKnownFileType = sourcecode.cpp.cpp; path = evaluator.cpp; sourceTree = "<group>"; };
		62FD97A023D57808001E751B /* parse_walker.cpp */ = {isa = PBXFileReference; fileEncoding = 4; lastKnownFileType = sourcecode.cpp.cpp; path = parse_walker.cpp; sourceTree = "<group>"; };
		62FD97A123D57808001E751B /* lexer.hpp */ = {isa = PBXFileReference; fileEncoding = 4; lastKnownFileType = sourcecode.cpp.h; path = lexer.hpp; sourceTree = "<group>"; };
		62FD97A223D57808001E751B /* ast_node.hpp */ = {isa = PBXFileReference; fileEncoding = 4; lastKnownFileType = sourcecode.cpp.h; path = ast_node.hpp; sourceTree = "<group>"; };
		62FD97A323D57808001E751B /* token_reader.hpp */ = {isa = PBXFileReference; fileEncoding = 4; lastKnownFileType = sourcecode.cpp.h; path = token_reader.hpp; sourceTree = "<group>"; };
		62FD97A423D57808001E751B /* result.cpp */ = {isa = PBXFileReference; fileEncoding = 4; lastKnownFileType = sourcecode.cpp.cpp; path = result.cpp; sourceTree = "<group>"; };
		62FD97A523D57808001E751B /* evaluator.hpp */ = {isa = PBXFileReference; fileEncoding = 4; lastKnownFileType = sourcecode.cpp.h; path = evaluator.hpp; sourceTree = "<group>"; };
		62FD97A623D57808001E751B /* common.hpp */ = {isa = PBXFileReference; fileEncoding = 4; lastKnownFileType = sourcecode.cpp.h; path = common.hpp; sourceTree = "<group>"; };
		62FD97A723D57808001E751B /* parser.cpp */ = {isa = PBXFileReference; fileEncoding = 4; lastKnownFileType = sourcecode.cpp.cpp; path = parser.cpp; sourceTree = "<group>"; };
		62FD97A823D57808001E751B /* compiler.hpp */ = {isa = PBXFileReference; fileEncoding = 4; lastKnownFileType = sourcecode.cpp.h; path = compiler.hpp; sourceTree = "<group>"; };
		62FD97A923D57808001E751B /* token.cpp */ = {isa = PBXFileReference; fileEncoding = 4; lastKnownFileType = sourcecode.cpp.cpp; path = token.cpp; sourceTree = "<group>"; };
/* End PBXFileReference section */

/* Begin PBXFrameworksBuildPhase section */
		62033401237ABBE2009CFFEB /* Frameworks */ = {
			isa = PBXFrameworksBuildPhase;
			buildActionMask = 2147483647;
			files = (
			);
			runOnlyForDeploymentPostprocessing = 0;
		};
/* End PBXFrameworksBuildPhase section */

/* Begin PBXGroup section */
		620333FB237ABBE2009CFFEB = {
			isa = PBXGroup;
			children = (
				62033406237ABBE2009CFFEB /* Indicator */,
				62033405237ABBE2009CFFEB /* Products */,
			);
			sourceTree = "<group>";
		};
		62033405237ABBE2009CFFEB /* Products */ = {
			isa = PBXGroup;
			children = (
				62033404237ABBE2009CFFEB /* Indicator */,
			);
			name = Products;
			sourceTree = "<group>";
		};
		62033406237ABBE2009CFFEB /* Indicator */ = {
			isa = PBXGroup;
			children = (
				62FD978F23D57808001E751B /* indicator */,
				62033407237ABBE2009CFFEB /* main.cpp */,
			);
			path = Indicator;
			sourceTree = "<group>";
		};
		62FD978F23D57808001E751B /* indicator */ = {
			isa = PBXGroup;
			children = (
				62FD979023D57808001E751B /* lib_math */,
				62FD979523D57808001E751B /* compiler */,
			);
			path = indicator;
			sourceTree = "<group>";
		};
		62FD979023D57808001E751B /* lib_math */ = {
			isa = PBXGroup;
			children = (
				62FD979423D57808001E751B /* lib_math.hpp */,
				62FD979223D57808001E751B /* lib_math.cpp */,
				62FD979123D57808001E751B /* lib_draw.hpp */,
				62FD979323D57808001E751B /* lib_draw.cpp */,
			);
			path = lib_math;
			sourceTree = "<group>";
		};
		62FD979523D57808001E751B /* compiler */ = {
			isa = PBXGroup;
			children = (
				62FD97A623D57808001E751B /* common.hpp */,
				62FD979623D57808001E751B /* common.cpp */,
				62FD979923D57808001E751B /* token.hpp */,
				62FD97A923D57808001E751B /* token.cpp */,
				62FD97A323D57808001E751B /* token_reader.hpp */,
				62FD979D23D57808001E751B /* token_reader.cpp */,
				62FD97A123D57808001E751B /* lexer.hpp */,
				62FD979C23D57808001E751B /* lexer.cpp */,
				62FD97A223D57808001E751B /* ast_node.hpp */,
				62FD979B23D57808001E751B /* ast_node.cpp */,
				62FD979723D57808001E751B /* parser.hpp */,
				62FD97A723D57808001E751B /* parser.cpp */,
				62FD979A23D57808001E751B /* parse_walker.hpp */,
				62FD97A023D57808001E751B /* parse_walker.cpp */,
				62FD979E23D57808001E751B /* result.hpp */,
				62FD97A423D57808001E751B /* result.cpp */,
				62FD97A523D57808001E751B /* evaluator.hpp */,
				62FD979F23D57808001E751B /* evaluator.cpp */,
				62FD97A823D57808001E751B /* compiler.hpp */,
				62FD979823D57808001E751B /* compiler.cpp */,
			);
			path = compiler;
			sourceTree = "<group>";
		};
/* End PBXGroup section */

/* Begin PBXNativeTarget section */
		62033403237ABBE2009CFFEB /* Indicator */ = {
			isa = PBXNativeTarget;
			buildConfigurationList = 6203340B237ABBE2009CFFEB /* Build configuration list for PBXNativeTarget "Indicator" */;
			buildPhases = (
				62033400237ABBE2009CFFEB /* Sources */,
				62033401237ABBE2009CFFEB /* Frameworks */,
				62033402237ABBE2009CFFEB /* CopyFiles */,
			);
			buildRules = (
			);
			dependencies = (
			);
			name = Indicator;
			productName = Indicator;
			productReference = 62033404237ABBE2009CFFEB /* Indicator */;
			productType = "com.apple.product-type.tool";
		};
/* End PBXNativeTarget section */

/* Begin PBXProject section */
		620333FC237ABBE2009CFFEB /* Project object */ = {
			isa = PBXProject;
			attributes = {
				LastUpgradeCheck = 1100;
				ORGANIZATIONNAME = "许龙";
				TargetAttributes = {
					62033403237ABBE2009CFFEB = {
						CreatedOnToolsVersion = 11.0;
					};
				};
			};
			buildConfigurationList = 620333FF237ABBE2009CFFEB /* Build configuration list for PBXProject "Indicator" */;
			compatibilityVersion = "Xcode 9.3";
			developmentRegion = en;
			hasScannedForEncodings = 0;
			knownRegions = (
				en,
				Base,
			);
			mainGroup = 620333FB237ABBE2009CFFEB;
			productRefGroup = 62033405237ABBE2009CFFEB /* Products */;
			projectDirPath = "";
			projectRoot = "";
			targets = (
				62033403237ABBE2009CFFEB /* Indicator */,
			);
		};
/* End PBXProject section */

/* Begin PBXSourcesBuildPhase section */
		62033400237ABBE2009CFFEB /* Sources */ = {
			isa = PBXSourcesBuildPhase;
			buildActionMask = 2147483647;
			files = (
				62FD97B323D57808001E751B /* result.cpp in Sources */,
				62FD97AE23D57808001E751B /* ast_node.cpp in Sources */,
				62FD97B223D57808001E751B /* parse_walker.cpp in Sources */,
				62FD97AC23D57808001E751B /* common.cpp in Sources */,
				62FD97B423D57808001E751B /* parser.cpp in Sources */,
				62FD97B123D57808001E751B /* evaluator.cpp in Sources */,
				62033408237ABBE2009CFFEB /* main.cpp in Sources */,
				62FD97AB23D57808001E751B /* lib_draw.cpp in Sources */,
				62FD97B023D57808001E751B /* token_reader.cpp in Sources */,
				62FD97AA23D57808001E751B /* lib_math.cpp in Sources */,
				62FD97B523D57808001E751B /* token.cpp in Sources */,
				62FD97AD23D57808001E751B /* compiler.cpp in Sources */,
				62FD97AF23D57808001E751B /* lexer.cpp in Sources */,
			);
			runOnlyForDeploymentPostprocessing = 0;
		};
/* End PBXSourcesBuildPhase section */

/* Begin XCBuildConfiguration section */
		62033409237ABBE2009CFFEB /* Debug */ = {
			isa = XCBuildConfiguration;
			buildSettings = {
				ALWAYS_SEARCH_USER_PATHS = NO;
				CLANG_ANALYZER_NONNULL = YES;
				CLANG_ANALYZER_NUMBER_OBJECT_CONVERSION = YES_AGGRESSIVE;
				CLANG_CXX_LANGUAGE_STANDARD = "gnu++14";
				CLANG_CXX_LIBRARY = "libc++";
				CLANG_ENABLE_MODULES = YES;
				CLANG_ENABLE_OBJC_ARC = YES;
				CLANG_ENABLE_OBJC_WEAK = YES;
				CLANG_WARN_BLOCK_CAPTURE_AUTORELEASING = YES;
				CLANG_WARN_BOOL_CONVERSION = YES;
				CLANG_WARN_COMMA = YES;
				CLANG_WARN_CONSTANT_CONVERSION = YES;
				CLANG_WARN_DEPRECATED_OBJC_IMPLEMENTATIONS = YES;
				CLANG_WARN_DIRECT_OBJC_ISA_USAGE = YES_ERROR;
				CLANG_WARN_DOCUMENTATION_COMMENTS = YES;
				CLANG_WARN_EMPTY_BODY = YES;
				CLANG_WARN_ENUM_CONVERSION = YES;
				CLANG_WARN_INFINITE_RECURSION = YES;
				CLANG_WARN_INT_CONVERSION = YES;
				CLANG_WARN_NON_LITERAL_NULL_CONVERSION = YES;
				CLANG_WARN_OBJC_IMPLICIT_RETAIN_SELF = YES;
				CLANG_WARN_OBJC_LITERAL_CONVERSION = YES;
				CLANG_WARN_OBJC_ROOT_CLASS = YES_ERROR;
				CLANG_WARN_RANGE_LOOP_ANALYSIS = YES;
				CLANG_WARN_STRICT_PROTOTYPES = YES;
				CLANG_WARN_SUSPICIOUS_MOVE = YES;
				CLANG_WARN_UNGUARDED_AVAILABILITY = YES_AGGRESSIVE;
				CLANG_WARN_UNREACHABLE_CODE = YES;
				CLANG_WARN__DUPLICATE_METHOD_MATCH = YES;
				COPY_PHASE_STRIP = NO;
				DEBUG_INFORMATION_FORMAT = dwarf;
				ENABLE_STRICT_OBJC_MSGSEND = YES;
				ENABLE_TESTABILITY = YES;
				GCC_C_LANGUAGE_STANDARD = gnu11;
				GCC_DYNAMIC_NO_PIC = NO;
				GCC_NO_COMMON_BLOCKS = YES;
				GCC_OPTIMIZATION_LEVEL = 0;
				GCC_PREPROCESSOR_DEFINITIONS = (
					"DEBUG=1",
					"$(inherited)",
				);
				GCC_WARN_64_TO_32_BIT_CONVERSION = YES;
				GCC_WARN_ABOUT_RETURN_TYPE = YES_ERROR;
				GCC_WARN_UNDECLARED_SELECTOR = YES;
				GCC_WARN_UNINITIALIZED_AUTOS = YES_AGGRESSIVE;
				GCC_WARN_UNUSED_FUNCTION = YES;
				GCC_WARN_UNUSED_VARIABLE = YES;
				MACOSX_DEPLOYMENT_TARGET = 10.14;
				MTL_ENABLE_DEBUG_INFO = INCLUDE_SOURCE;
				MTL_FAST_MATH = YES;
				ONLY_ACTIVE_ARCH = YES;
				SDKROOT = macosx;
			};
			name = Debug;
		};
		6203340A237ABBE2009CFFEB /* Release */ = {
			isa = XCBuildConfiguration;
			buildSettings = {
				ALWAYS_SEARCH_USER_PATHS = NO;
				CLANG_ANALYZER_NONNULL = YES;
				CLANG_ANALYZER_NUMBER_OBJECT_CONVERSION = YES_AGGRESSIVE;
				CLANG_CXX_LANGUAGE_STANDARD = "gnu++14";
				CLANG_CXX_LIBRARY = "libc++";
				CLANG_ENABLE_MODULES = YES;
				CLANG_ENABLE_OBJC_ARC = YES;
				CLANG_ENABLE_OBJC_WEAK = YES;
				CLANG_WARN_BLOCK_CAPTURE_AUTORELEASING = YES;
				CLANG_WARN_BOOL_CONVERSION = YES;
				CLANG_WARN_COMMA = YES;
				CLANG_WARN_CONSTANT_CONVERSION = YES;
				CLANG_WARN_DEPRECATED_OBJC_IMPLEMENTATIONS = YES;
				CLANG_WARN_DIRECT_OBJC_ISA_USAGE = YES_ERROR;
				CLANG_WARN_DOCUMENTATION_COMMENTS = YES;
				CLANG_WARN_EMPTY_BODY = YES;
				CLANG_WARN_ENUM_CONVERSION = YES;
				CLANG_WARN_INFINITE_RECURSION = YES;
				CLANG_WARN_INT_CONVERSION = YES;
				CLANG_WARN_NON_LITERAL_NULL_CONVERSION = YES;
				CLANG_WARN_OBJC_IMPLICIT_RETAIN_SELF = YES;
				CLANG_WARN_OBJC_LITERAL_CONVERSION = YES;
				CLANG_WARN_OBJC_ROOT_CLASS = YES_ERROR;
				CLANG_WARN_RANGE_LOOP_ANALYSIS = YES;
				CLANG_WARN_STRICT_PROTOTYPES = YES;
				CLANG_WARN_SUSPICIOUS_MOVE = YES;
				CLANG_WARN_UNGUARDED_AVAILABILITY = YES_AGGRESSIVE;
				CLANG_WARN_UNREACHABLE_CODE = YES;
				CLANG_WARN__DUPLICATE_METHOD_MATCH = YES;
				COPY_PHASE_STRIP = NO;
				DEBUG_INFORMATION_FORMAT = "dwarf-with-dsym";
				ENABLE_NS_ASSERTIONS = NO;
				ENABLE_STRICT_OBJC_MSGSEND = YES;
				GCC_C_LANGUAGE_STANDARD = gnu11;
				GCC_NO_COMMON_BLOCKS = YES;
				GCC_WARN_64_TO_32_BIT_CONVERSION = YES;
				GCC_WARN_ABOUT_RETURN_TYPE = YES_ERROR;
				GCC_WARN_UNDECLARED_SELECTOR = YES;
				GCC_WARN_UNINITIALIZED_AUTOS = YES_AGGRESSIVE;
				GCC_WARN_UNUSED_FUNCTION = YES;
				GCC_WARN_UNUSED_VARIABLE = YES;
				MACOSX_DEPLOYMENT_TARGET = 10.14;
				MTL_ENABLE_DEBUG_INFO = NO;
				MTL_FAST_MATH = YES;
				SDKROOT = macosx;
			};
			name = Release;
		};
		6203340C237ABBE2009CFFEB /* Debug */ = {
			isa = XCBuildConfiguration;
			buildSettings = {
				CODE_SIGN_STYLE = Automatic;
				PRODUCT_NAME = "$(TARGET_NAME)";
			};
			name = Debug;
		};
		6203340D237ABBE2009CFFEB /* Release */ = {
			isa = XCBuildConfiguration;
			buildSettings = {
				CODE_SIGN_STYLE = Automatic;
				PRODUCT_NAME = "$(TARGET_NAME)";
			};
			name = Release;
		};
/* End XCBuildConfiguration section */

/* Begin XCConfigurationList section */
		620333FF237ABBE2009CFFEB /* Build configuration list for PBXProject "Indicator" */ = {
			isa = XCConfigurationList;
			buildConfigurations = (
				62033409237ABBE2009CFFEB /* Debug */,
				6203340A237ABBE2009CFFEB /* Release */,
			);
			defaultConfigurationIsVisible = 0;
			defaultConfigurationName = Release;
		};
		6203340B237ABBE2009CFFEB /* Build configuration list for PBXNativeTarget "Indicator" */ = {
			isa = XCConfigurationList;
			buildConfigurations = (
				6203340C237ABBE2009CFFEB /* Debug */,
				6203340D237ABBE2009CFFEB /* Release */,
			);
			defaultConfigurationIsVisible = 0;
			defaultConfigurationName = Release;
		};
/* End XCConfigurationList section */
	};
	rootObject = 620333FC237ABBE2009CFFEB /* Project object */;
}
